
Microsoft Visual Studio Solution File, Format Version 12.00
# Visual Studio Version 17
VisualStudioVersion = 17.10.34928.147
MinimumVisualStudioVersion = 10.0.40219.1
Project("{9A19103F-16F7-4668-BE54-9A1E7A4F7556}") = "BookCart.Web", "BookCart.Web\BookCart.Web.csproj", "{C14091DD-158F-4796-9ADC-E9E3EC39D93E}"
EndProject
Project("{9A19103F-16F7-4668-BE54-9A1E7A4F7556}") = "BookCart.DataAccess", "BookCart.DataAccess\BookCart.DataAccess.csproj", "{A20610C7-093D-4EC1-9C6D-F891769DA9F9}"
EndProject
Project("{9A19103F-16F7-4668-BE54-9A1E7A4F7556}") = "BookCart.Models", "BookCart.Models\BookCart.Models.csproj", "{A06D023A-4859-443E-8A0C-F30A18E0AA8A}"
EndProject
Project("{9A19103F-16F7-4668-BE54-9A1E7A4F7556}") = "BookCart.Utility", "BookCart.Utility\BookCart.Utility.csproj", "{62FED700-4776-4EDA-88F8-E585078A0916}"
EndProject
Global
	GlobalSection(SolutionConfigurationPlatforms) = preSolution
		Debug|Any CPU = Debug|Any CPU
		Release|Any CPU = Release|Any CPU
	EndGlobalSection
	GlobalSection(ProjectConfigurationPlatforms) = postSolution
		{C14091DD-158F-4796-9ADC-E9E3EC39D93E}.Debug|Any CPU.ActiveCfg = Debug|Any CPU
		{C14091DD-158F-4796-9ADC-E9E3EC39D93E}.Debug|Any CPU.Build.0 = Debug|Any CPU
		{C14091DD-158F-4796-9ADC-E9E3EC39D93E}.Release|Any CPU.ActiveCfg = Release|Any CPU
		{C14091DD-158F-4796-9ADC-E9E3EC39D93E}.Release|Any CPU.Build.0 = Release|Any CPU
		{A20610C7-093D-4EC1-9C6D-F891769DA9F9}.Debug|Any CPU.ActiveCfg = Debug|Any CPU
		{A20610C7-093D-4EC1-9C6D-F891769DA9F9}.Debug|Any CPU.Build.0 = Debug|Any CPU
		{A20610C7-093D-4EC1-9C6D-F891769DA9F9}.Release|Any CPU.ActiveCfg = Release|Any CPU
		{A20610C7-093D-4EC1-9C6D-F891769DA9F9}.Release|Any CPU.Build.0 = Release|Any CPU
		{A06D023A-4859-443E-8A0C-F30A18E0AA8A}.Debug|Any CPU.ActiveCfg = Debug|Any CPU
		{A06D023A-4859-443E-8A0C-F30A18E0AA8A}.Debug|Any CPU.Build.0 = Debug|Any CPU
		{A06D023A-4859-443E-8A0C-F30A18E0AA8A}.Release|Any CPU.ActiveCfg = Release|Any CPU
		{A06D023A-4859-443E-8A0C-F30A18E0AA8A}.Release|Any CPU.Build.0 = Release|Any CPU
		{62FED700-4776-4EDA-88F8-E585078A0916}.Debug|Any CPU.ActiveCfg = Debug|Any CPU
		{62FED700-4776-4EDA-88F8-E585078A0916}.Debug|Any CPU.Build.0 = Debug|Any CPU
		{62FED700-4776-4EDA-88F8-E585078A0916}.Release|Any CPU.ActiveCfg = Release|Any CPU
		{62FED700-4776-4EDA-88F8-E585078A0916}.Release|Any CPU.Build.0 = Release|Any CPU
	EndGlobalSection
	GlobalSection(SolutionProperties) = preSolution
		HideSolutionNode = FALSE
	EndGlobalSection
	GlobalSection(ExtensibilityGlobals) = postSolution
		SolutionGuid = {F06DC669-BDE4-47A6-9FD1-AE0ED7F13E64}
	EndGlobalSection
EndGlobal
